# This file was autogenerated by Stack.
# You should not edit this file by hand.
# For more information, please see the documentation at:
#   https://docs.haskellstack.org/en/stable/lock_files

packages:
- completed:
    hackage: intero-0.1.24@sha256:eb2b9c913c5bb91568fa93e817d666eeddf1056a734904692377c87845c4effa,1817
    pantry-tree:
      size: 1011
      sha256: 7d217dafa1aad2a39355b88a5929428a63965c6d24fc5517194f20790acb6746
  original:
    hackage: intero-0.1.24
snapshots:
- completed:
    size: 524789
    url: https://raw.githubusercontent.com/commercialhaskell/stackage-snapshots/master/lts/14/18.yaml
    sha256: 646be71223e08234131c6989912e6011e01b9767bc447b6d466a35e14360bdf2
  original: lts-14.18
